
Microsoft Visual Studio Solution File, Format Version 12.00
# Visual Studio Version 17
VisualStudioVersion = 17.14.36127.28
MinimumVisualStudioVersion = 10.0.40219.1
Project("{FAE04EC0-301F-11D3-BF4B-00C04F79EFBC}") = "CarAuctionManagementSystem", "CarAuctionManagementSystem\CarAuctionManagementSystem.csproj", "{94448A4C-C34F-0923-8B15-3976105632FE}"
EndProject
Project("{FAE04EC0-301F-11D3-BF4B-00C04F79EFBC}") = "CarAutionManagementSystem.Tests", "CarAuctionManagementSystem.Tests\CarAutionManagementSystem.Tests.csproj", "{5D95BDC0-8A6E-D5DD-C585-ADF32D63C812}"
EndProject
Global
	GlobalSection(SolutionConfigurationPlatforms) = preSolution
		Debug|Any CPU = Debug|Any CPU
		Debug|x64 = Debug|x64
		Debug|x86 = Debug|x86
		Release|Any CPU = Release|Any CPU
		Release|x64 = Release|x64
		Release|x86 = Release|x86
	EndGlobalSection
	GlobalSection(ProjectConfigurationPlatforms) = postSolution
		{94448A4C-C34F-0923-8B15-3976105632FE}.Debug|Any CPU.ActiveCfg = Debug|Any CPU
		{94448A4C-C34F-0923-8B15-3976105632FE}.Debug|Any CPU.Build.0 = Debug|Any CPU
		{94448A4C-C34F-0923-8B15-3976105632FE}.Debug|x64.ActiveCfg = Debug|Any CPU
		{94448A4C-C34F-0923-8B15-3976105632FE}.Debug|x64.Build.0 = Debug|Any CPU
		{94448A4C-C34F-0923-8B15-3976105632FE}.Debug|x86.ActiveCfg = Debug|Any CPU
		{94448A4C-C34F-0923-8B15-3976105632FE}.Debug|x86.Build.0 = Debug|Any CPU
		{94448A4C-C34F-0923-8B15-3976105632FE}.Release|Any CPU.ActiveCfg = Release|Any CPU
		{94448A4C-C34F-0923-8B15-3976105632FE}.Release|Any CPU.Build.0 = Release|Any CPU
		{94448A4C-C34F-0923-8B15-3976105632FE}.Release|x64.ActiveCfg = Release|Any CPU
		{94448A4C-C34F-0923-8B15-3976105632FE}.Release|x64.Build.0 = Release|Any CPU
		{94448A4C-C34F-0923-8B15-3976105632FE}.Release|x86.ActiveCfg = Release|Any CPU
		{94448A4C-C34F-0923-8B15-3976105632FE}.Release|x86.Build.0 = Release|Any CPU
		{5D95BDC0-8A6E-D5DD-C585-ADF32D63C812}.Debug|Any CPU.ActiveCfg = Debug|Any CPU
		{5D95BDC0-8A6E-D5DD-C585-ADF32D63C812}.Debug|Any CPU.Build.0 = Debug|Any CPU
		{5D95BDC0-8A6E-D5DD-C585-ADF32D63C812}.Debug|x64.ActiveCfg = Debug|Any CPU
		{5D95BDC0-8A6E-D5DD-C585-ADF32D63C812}.Debug|x64.Build.0 = Debug|Any CPU
		{5D95BDC0-8A6E-D5DD-C585-ADF32D63C812}.Debug|x86.ActiveCfg = Debug|Any CPU
		{5D95BDC0-8A6E-D5DD-C585-ADF32D63C812}.Debug|x86.Build.0 = Debug|Any CPU
		{5D95BDC0-8A6E-D5DD-C585-ADF32D63C812}.Release|Any CPU.ActiveCfg = Release|Any CPU
		{5D95BDC0-8A6E-D5DD-C585-ADF32D63C812}.Release|Any CPU.Build.0 = Release|Any CPU
		{5D95BDC0-8A6E-D5DD-C585-ADF32D63C812}.Release|x64.ActiveCfg = Release|Any CPU
		{5D95BDC0-8A6E-D5DD-C585-ADF32D63C812}.Release|x64.Build.0 = Release|Any CPU
		{5D95BDC0-8A6E-D5DD-C585-ADF32D63C812}.Release|x86.ActiveCfg = Release|Any CPU
		{5D95BDC0-8A6E-D5DD-C585-ADF32D63C812}.Release|x86.Build.0 = Release|Any CPU
	EndGlobalSection
	GlobalSection(SolutionProperties) = preSolution
		HideSolutionNode = FALSE
	EndGlobalSection
	GlobalSection(ExtensibilityGlobals) = postSolution
		SolutionGuid = {CF72CDBD-037C-42BF-BB02-07150DA16090}
	EndGlobalSection
EndGlobal
